
Microsoft Visual Studio Solution File, Format Version 12.00
# Visual Studio 15
VisualStudioVersion = 15.0.27703.2035
MinimumVisualStudioVersion = 10.0.40219.1
Project("{FAE04EC0-301F-11D3-BF4B-00C04F79EFBC}") = "MathConsole", "MathConsole\MathConsole.csproj", "{BA35EC33-FECB-4C59-A765-F308B22A1233}"
EndProject
Global
	GlobalSection(SolutionConfigurationPlatforms) = preSolution
		Debug|Any CPU = Debug|Any CPU
		Release|Any CPU = Release|Any CPU
	EndGlobalSection
	GlobalSection(ProjectConfigurationPlatforms) = postSolution
		{BA35EC33-FECB-4C59-A765-F308B22A1233}.Debug|Any CPU.ActiveCfg = Debug|Any CPU
		{BA35EC33-FECB-4C59-A765-F308B22A1233}.Debug|Any CPU.Build.0 = Debug|Any CPU
		{BA35EC33-FECB-4C59-A765-F308B22A1233}.Release|Any CPU.ActiveCfg = Release|Any CPU
		{BA35EC33-FECB-4C59-A765-F308B22A1233}.Release|Any CPU.Build.0 = Release|Any CPU
	EndGlobalSection
	GlobalSection(SolutionProperties) = preSolution
		HideSolutionNode = FALSE
	EndGlobalSection
	GlobalSection(ExtensibilityGlobals) = postSolution
		SolutionGuid = {61667B76-05FD-435D-B5D5-A1B1CF4C9D81}
	EndGlobalSection
EndGlobal
