
Microsoft Visual Studio Solution File, Format Version 12.00
# Visual Studio 15
VisualStudioVersion = 15.0.27703.2035
MinimumVisualStudioVersion = 10.0.40219.1
Project("{FAE04EC0-301F-11D3-BF4B-00C04F79EFBC}") = "Step 129", "Step 129\Step 129.csproj", "{7CCF20B1-4478-4E65-8E42-DFB31E8DBE9A}"
EndProject
Global
	GlobalSection(SolutionConfigurationPlatforms) = preSolution
		Debug|Any CPU = Debug|Any CPU
		Release|Any CPU = Release|Any CPU
	EndGlobalSection
	GlobalSection(ProjectConfigurationPlatforms) = postSolution
		{7CCF20B1-4478-4E65-8E42-DFB31E8DBE9A}.Debug|Any CPU.ActiveCfg = Debug|Any CPU
		{7CCF20B1-4478-4E65-8E42-DFB31E8DBE9A}.Debug|Any CPU.Build.0 = Debug|Any CPU
		{7CCF20B1-4478-4E65-8E42-DFB31E8DBE9A}.Release|Any CPU.ActiveCfg = Release|Any CPU
		{7CCF20B1-4478-4E65-8E42-DFB31E8DBE9A}.Release|Any CPU.Build.0 = Release|Any CPU
	EndGlobalSection
	GlobalSection(SolutionProperties) = preSolution
		HideSolutionNode = FALSE
	EndGlobalSection
	GlobalSection(ExtensibilityGlobals) = postSolution
		SolutionGuid = {E34DE67C-8C45-4A42-815B-2746FAA7D46B}
	EndGlobalSection
EndGlobal
