
Microsoft Visual Studio Solution File, Format Version 12.00
# Visual Studio 15
VisualStudioVersion = 15.0.27703.2035
MinimumVisualStudioVersion = 10.0.40219.1
Project("{FAE04EC0-301F-11D3-BF4B-00C04F79EFBC}") = "WebAppTutorial1", "WebAppTutorial1\WebAppTutorial1.csproj", "{90F3AA61-B6CA-4B9D-AEB9-F7F1689C2A9D}"
EndProject
Global
	GlobalSection(SolutionConfigurationPlatforms) = preSolution
		Debug|Any CPU = Debug|Any CPU
		Release|Any CPU = Release|Any CPU
	EndGlobalSection
	GlobalSection(ProjectConfigurationPlatforms) = postSolution
		{90F3AA61-B6CA-4B9D-AEB9-F7F1689C2A9D}.Debug|Any CPU.ActiveCfg = Debug|Any CPU
		{90F3AA61-B6CA-4B9D-AEB9-F7F1689C2A9D}.Debug|Any CPU.Build.0 = Debug|Any CPU
		{90F3AA61-B6CA-4B9D-AEB9-F7F1689C2A9D}.Release|Any CPU.ActiveCfg = Release|Any CPU
		{90F3AA61-B6CA-4B9D-AEB9-F7F1689C2A9D}.Release|Any CPU.Build.0 = Release|Any CPU
	EndGlobalSection
	GlobalSection(SolutionProperties) = preSolution
		HideSolutionNode = FALSE
	EndGlobalSection
	GlobalSection(ExtensibilityGlobals) = postSolution
		SolutionGuid = {7E1EAE79-CA0B-40E6-BE87-C7CBA08C6FD1}
	EndGlobalSection
EndGlobal
