
Microsoft Visual Studio Solution File, Format Version 12.00
# Visual Studio 15
VisualStudioVersion = 15.0.27703.2035
MinimumVisualStudioVersion = 10.0.40219.1
Project("{FAE04EC0-301F-11D3-BF4B-00C04F79EFBC}") = "pg103", "pg103\pg103.csproj", "{7DB17728-2ACF-4E4C-ABE7-24BA98649ACC}"
EndProject
Global
	GlobalSection(SolutionConfigurationPlatforms) = preSolution
		Debug|Any CPU = Debug|Any CPU
		Release|Any CPU = Release|Any CPU
	EndGlobalSection
	GlobalSection(ProjectConfigurationPlatforms) = postSolution
		{7DB17728-2ACF-4E4C-ABE7-24BA98649ACC}.Debug|Any CPU.ActiveCfg = Debug|Any CPU
		{7DB17728-2ACF-4E4C-ABE7-24BA98649ACC}.Debug|Any CPU.Build.0 = Debug|Any CPU
		{7DB17728-2ACF-4E4C-ABE7-24BA98649ACC}.Release|Any CPU.ActiveCfg = Release|Any CPU
		{7DB17728-2ACF-4E4C-ABE7-24BA98649ACC}.Release|Any CPU.Build.0 = Release|Any CPU
	EndGlobalSection
	GlobalSection(SolutionProperties) = preSolution
		HideSolutionNode = FALSE
	EndGlobalSection
	GlobalSection(ExtensibilityGlobals) = postSolution
		SolutionGuid = {695653E0-7E22-402F-8EFD-A4E6800EECCD}
	EndGlobalSection
EndGlobal
