
Microsoft Visual Studio Solution File, Format Version 12.00
# Visual Studio 15
VisualStudioVersion = 15.0.27703.2035
MinimumVisualStudioVersion = 10.0.40219.1
Project("{FAE04EC0-301F-11D3-BF4B-00C04F79EFBC}") = "TryAgainInsurance", "TryAgainInsurance\TryAgainInsurance.csproj", "{F2B91CAA-C4A0-485F-8CAA-F51156C73E27}"
EndProject
Global
	GlobalSection(SolutionConfigurationPlatforms) = preSolution
		Debug|Any CPU = Debug|Any CPU
		Release|Any CPU = Release|Any CPU
	EndGlobalSection
	GlobalSection(ProjectConfigurationPlatforms) = postSolution
		{F2B91CAA-C4A0-485F-8CAA-F51156C73E27}.Debug|Any CPU.ActiveCfg = Debug|Any CPU
		{F2B91CAA-C4A0-485F-8CAA-F51156C73E27}.Debug|Any CPU.Build.0 = Debug|Any CPU
		{F2B91CAA-C4A0-485F-8CAA-F51156C73E27}.Release|Any CPU.ActiveCfg = Release|Any CPU
		{F2B91CAA-C4A0-485F-8CAA-F51156C73E27}.Release|Any CPU.Build.0 = Release|Any CPU
	EndGlobalSection
	GlobalSection(SolutionProperties) = preSolution
		HideSolutionNode = FALSE
	EndGlobalSection
	GlobalSection(ExtensibilityGlobals) = postSolution
		SolutionGuid = {5B312388-0092-4BF2-AD32-60EEC9E2DD7C}
	EndGlobalSection
EndGlobal
