
Microsoft Visual Studio Solution File, Format Version 12.00
# Visual Studio 15
VisualStudioVersion = 15.0.27703.2035
MinimumVisualStudioVersion = 10.0.40219.1
Project("{FAE04EC0-301F-11D3-BF4B-00C04F79EFBC}") = "ArrayandList", "ArrayandList\ArrayandList.csproj", "{F8129875-A6C1-4842-A379-2B5903C41E92}"
EndProject
Global
	GlobalSection(SolutionConfigurationPlatforms) = preSolution
		Debug|Any CPU = Debug|Any CPU
		Release|Any CPU = Release|Any CPU
	EndGlobalSection
	GlobalSection(ProjectConfigurationPlatforms) = postSolution
		{F8129875-A6C1-4842-A379-2B5903C41E92}.Debug|Any CPU.ActiveCfg = Debug|Any CPU
		{F8129875-A6C1-4842-A379-2B5903C41E92}.Debug|Any CPU.Build.0 = Debug|Any CPU
		{F8129875-A6C1-4842-A379-2B5903C41E92}.Release|Any CPU.ActiveCfg = Release|Any CPU
		{F8129875-A6C1-4842-A379-2B5903C41E92}.Release|Any CPU.Build.0 = Release|Any CPU
	EndGlobalSection
	GlobalSection(SolutionProperties) = preSolution
		HideSolutionNode = FALSE
	EndGlobalSection
	GlobalSection(ExtensibilityGlobals) = postSolution
		SolutionGuid = {1557DC3B-A2DF-4C80-8CA3-15FA8E9AB1C2}
	EndGlobalSection
EndGlobal
